github.com/rohanthewiz/element v0.5.4 h1:GuUkF8/y39opotrVYrfrnygCAVVpyF/aPXyKNJKZnd0=
github.com/rohanthewiz/element v0.5.4/go.mod h1:cA57S9UGRSaWrMmGC1M+8QCQw/y8kgODiBB0KEwIyzo=
github.com/rohanthewiz/rweb v0.1.16 h1:LRoV9RKtrmKdrfkBFwB3W1FcAx1G771YyGYlo9vZBbg=
github.com/rohanthewiz/rweb v0.1.16/go.mod h1:SdkvSM89cA18qlEm6oh8o7CpKaOCWgdNBzPeiF6I/As=
github.com/rohanthewiz/serr v1.2.7-0.20250716231710-f9da79d71331 h1:G8qRTM9TGJSS+ha5fhmuG6h98rGGQbNFcEapls7hCj0=
github.com/rohanthewiz/serr v1.2.7-0.20250716231710-f9da79d71331/go.mod h1:WYBghPccoTAUknotbanGZzWnIFREXYI5ULwf5sjznxY=
